<?xml version="1.0" encoding="UTF-8"?>
<Scheme
   LastUpgradeVersion = "1200"
   version = "1.7">
   <BuildAction
      parallelizeBuildables = "YES"
      buildImplicitDependencies = "YES"
      runPostActionsOnFailure = "NO">
      <BuildActionEntries>
         <BuildActionEntry
            buildForTesting = "YES"
            buildForRunning = "YES"
            buildForProfiling = "YES"
            buildForArchiving = "YES"
            buildForAnalyzing = "YES">
            <BuildableReference
               BuildableIdentifier = "primary"
               BlueprintIdentifier = "1624A10C98DFE435EBA6C65B"
               BuildableName = "IronRoadForChildren.app"
               BlueprintName = "IronRoadForChildren"
               ReferencedContainer = "container:IronRoadForChildren.xcodeproj">
            </BuildableReference>
         </BuildActionEntry>
      </BuildActionEntries>
   </BuildAction>
   <TestAction
      buildConfiguration = "Debug"
      selectedDebuggerIdentifier = "Xcode.DebuggerFoundation.Debugger.LLDB"
      selectedLauncherIdentifier = "Xcode.DebuggerFoundation.Launcher.LLDB"
      shouldUseLaunchSchemeArgsEnv = "YES"
      onlyGenerateCoverageForSpecifiedTargets = "NO">
      <MacroExpansion>
         <BuildableReference
            BuildableIdentifier = "primary"
            BlueprintIdentifier = "1624A10C98DFE435EBA6C65B"
            BuildableName = "IronRoadForChildren.app"
            BlueprintName = "IronRoadForChildren"
            ReferencedContainer = "container:IronRoadForChildren.xcodeproj">
         </BuildableReference>
      </MacroExpansion>
      <Testables>
         <TestableReference
            skipped = "NO"
            testExecutionOrdering = "random">
            <BuildableReference
               BuildableIdentifier = "primary"
               BlueprintIdentifier = "44C684BDCF3B5631A74E8EBB"
               BuildableName = "IronRoadForChildrenTests.xctest"
               BlueprintName = "IronRoadForChildrenTests"
               ReferencedContainer = "container:IronRoadForChildren.xcodeproj">
            </BuildableReference>
         </TestableReference>
         <TestableReference
            skipped = "NO"
            testExecutionOrdering = "random">
            <BuildableReference
               BuildableIdentifier = "primary"
               BlueprintIdentifier = "96337E5A9987C4FE5D824768"
               BuildableName = "IronRoadForChildrenUITests.xctest"
               BlueprintName = "IronRoadForChildrenUITests"
               ReferencedContainer = "container:IronRoadForChildren.xcodeproj">
            </BuildableReference>
         </TestableReference>
      </Testables>
      <CommandLineArguments>
      </CommandLineArguments>
   </TestAction>
   <LaunchAction
      buildConfiguration = "Debug"
      selectedDebuggerIdentifier = "Xcode.DebuggerFoundation.Debugger.LLDB"
      selectedLauncherIdentifier = "Xcode.DebuggerFoundation.Launcher.LLDB"
      launchStyle = "0"
      useCustomWorkingDirectory = "NO"
      ignoresPersistentStateOnLaunch = "NO"
      debugDocumentVersioning = "YES"
      debugServiceExtension = "internal"
      allowLocationSimulation = "YES">
      <BuildableProductRunnable
         runnableDebuggingMode = "0">
         <BuildableReference
            BuildableIdentifier = "primary"
            BlueprintIdentifier = "1624A10C98DFE435EBA6C65B"
            BuildableName = "IronRoadForChildren.app"
            BlueprintName = "IronRoadForChildren"
            ReferencedContainer = "container:IronRoadForChildren.xcodeproj">
         </BuildableReference>
      </BuildableProductRunnable>
      <CommandLineArguments>
      </CommandLineArguments>
   </LaunchAction>
   <ProfileAction
      buildConfiguration = "Release"
      shouldUseLaunchSchemeArgsEnv = "YES"
      savedToolIdentifier = ""
      useCustomWorkingDirectory = "NO"
      debugDocumentVersioning = "YES">
      <BuildableProductRunnable
         runnableDebuggingMode = "0">
         <BuildableReference
            BuildableIdentifier = "primary"
            BlueprintIdentifier = "1624A10C98DFE435EBA6C65B"
            BuildableName = "IronRoadForChildren.app"
            BlueprintName = "IronRoadForChildren"
            ReferencedContainer = "container:IronRoadForChildren.xcodeproj">
         </BuildableReference>
      </BuildableProductRunnable>
      <CommandLineArguments>
      </CommandLineArguments>
   </ProfileAction>
   <AnalyzeAction
      buildConfiguration = "Debug">
   </AnalyzeAction>
   <ArchiveAction
      buildConfiguration = "Release"
      revealArchiveInOrganizer = "YES">
   </ArchiveAction>
</Scheme>
